
Microsoft Visual Studio Solution File, Format Version 12.00
# Visual Studio Version 17
VisualStudioVersion = 17.4.33403.182
MinimumVisualStudioVersion = 10.0.40219.1
Project("{9A19103F-16F7-4668-BE54-9A1E7A4F7556}") = "ASP.SMIS.Authentication.Domain", "src\ASP.SMIS.Authentication.Domain\ASP.SMIS.Authentication.Domain.csproj", "{CD7EE990-D6A8-485D-8CC8-DB5E1286DF0B}"
EndProject
Project("{9A19103F-16F7-4668-BE54-9A1E7A4F7556}") = "ASP.SMIS.Authentication.Persistence", "src\ASP.SMIS.Authentication.Persistence\ASP.SMIS.Authentication.Persistence.csproj", "{3B5EF247-1CC7-4816-BA46-28AB775CA515}"
EndProject
Project("{9A19103F-16F7-4668-BE54-9A1E7A4F7556}") = "ASP.SMIS.Authentication.Application", "src\ASP.SMIS.Authentication.Application\ASP.SMIS.Authentication.Application.csproj", "{F8B4C715-3AD8-473C-B509-BF5FE400E0EE}"
EndProject
Project("{9A19103F-16F7-4668-BE54-9A1E7A4F7556}") = "ASP.SMIS.Authentication.Common", "src\ASP.SMIS.Authentication.Common\ASP.SMIS.Authentication.Common.csproj", "{696BD340-57AD-42B4-AA28-18084C547855}"
EndProject
Project("{9A19103F-16F7-4668-BE54-9A1E7A4F7556}") = "ASP.SMIS.Authentication.Api", "src\ASP.SMIS.Authentication.Api\ASP.SMIS.Authentication.Api.csproj", "{6BFE641F-6378-4191-9882-6EADB1C611FE}"
EndProject
Global
	GlobalSection(SolutionConfigurationPlatforms) = preSolution
		Debug|Any CPU = Debug|Any CPU
		Release|Any CPU = Release|Any CPU
	EndGlobalSection
	GlobalSection(ProjectConfigurationPlatforms) = postSolution
		{CD7EE990-D6A8-485D-8CC8-DB5E1286DF0B}.Debug|Any CPU.ActiveCfg = Debug|Any CPU
		{CD7EE990-D6A8-485D-8CC8-DB5E1286DF0B}.Debug|Any CPU.Build.0 = Debug|Any CPU
		{CD7EE990-D6A8-485D-8CC8-DB5E1286DF0B}.Release|Any CPU.ActiveCfg = Release|Any CPU
		{CD7EE990-D6A8-485D-8CC8-DB5E1286DF0B}.Release|Any CPU.Build.0 = Release|Any CPU
		{3B5EF247-1CC7-4816-BA46-28AB775CA515}.Debug|Any CPU.ActiveCfg = Debug|Any CPU
		{3B5EF247-1CC7-4816-BA46-28AB775CA515}.Debug|Any CPU.Build.0 = Debug|Any CPU
		{3B5EF247-1CC7-4816-BA46-28AB775CA515}.Release|Any CPU.ActiveCfg = Release|Any CPU
		{3B5EF247-1CC7-4816-BA46-28AB775CA515}.Release|Any CPU.Build.0 = Release|Any CPU
		{F8B4C715-3AD8-473C-B509-BF5FE400E0EE}.Debug|Any CPU.ActiveCfg = Debug|Any CPU
		{F8B4C715-3AD8-473C-B509-BF5FE400E0EE}.Debug|Any CPU.Build.0 = Debug|Any CPU
		{F8B4C715-3AD8-473C-B509-BF5FE400E0EE}.Release|Any CPU.ActiveCfg = Release|Any CPU
		{F8B4C715-3AD8-473C-B509-BF5FE400E0EE}.Release|Any CPU.Build.0 = Release|Any CPU
		{696BD340-57AD-42B4-AA28-18084C547855}.Debug|Any CPU.ActiveCfg = Debug|Any CPU
		{696BD340-57AD-42B4-AA28-18084C547855}.Debug|Any CPU.Build.0 = Debug|Any CPU
		{696BD340-57AD-42B4-AA28-18084C547855}.Release|Any CPU.ActiveCfg = Release|Any CPU
		{696BD340-57AD-42B4-AA28-18084C547855}.Release|Any CPU.Build.0 = Release|Any CPU
		{6BFE641F-6378-4191-9882-6EADB1C611FE}.Debug|Any CPU.ActiveCfg = Debug|Any CPU
		{6BFE641F-6378-4191-9882-6EADB1C611FE}.Debug|Any CPU.Build.0 = Debug|Any CPU
		{6BFE641F-6378-4191-9882-6EADB1C611FE}.Release|Any CPU.ActiveCfg = Release|Any CPU
		{6BFE641F-6378-4191-9882-6EADB1C611FE}.Release|Any CPU.Build.0 = Release|Any CPU
	EndGlobalSection
	GlobalSection(SolutionProperties) = preSolution
		HideSolutionNode = FALSE
	EndGlobalSection
	GlobalSection(ExtensibilityGlobals) = postSolution
		SolutionGuid = {39A06C02-55A3-4DA5-B4EF-DBEDCBDE5227}
	EndGlobalSection
EndGlobal
